
Microsoft Visual Studio Solution File, Format Version 12.00
# Visual Studio Version 16
VisualStudioVersion = 16.0.29326.143
MinimumVisualStudioVersion = 10.0.40219.1
Project("{9A19103F-16F7-4668-BE54-9A1E7A4F7556}") = "CQRSService.GRPC", "CQRSService.GRPC.csproj", "{5E2E9816-72B7-4F0E-9CA2-F704D8DF323E}"
EndProject
Project("{9A19103F-16F7-4668-BE54-9A1E7A4F7556}") = "CQRSService.Client", "..\CQRSService.Client\CQRSService.Client.csproj", "{48F2AA7C-A083-45CB-88A9-82E49E0D2C2C}"
EndProject
Project("{9A19103F-16F7-4668-BE54-9A1E7A4F7556}") = "CQRSService.Domain", "..\CQRSService.Domain\CQRSService.Domain.csproj", "{1D8DD13D-B1D2-41E3-98D0-1D0782A96785}"
EndProject
Project("{9A19103F-16F7-4668-BE54-9A1E7A4F7556}") = "CQRSService.Client.Test", "..\CQRSService.Client.Test\CQRSService.Client.Test.csproj", "{F05429A9-B004-440C-B0B0-8D4B0C0E8727}"
EndProject
Global
	GlobalSection(SolutionConfigurationPlatforms) = preSolution
		Debug|Any CPU = Debug|Any CPU
		Release|Any CPU = Release|Any CPU
	EndGlobalSection
	GlobalSection(ProjectConfigurationPlatforms) = postSolution
		{5E2E9816-72B7-4F0E-9CA2-F704D8DF323E}.Debug|Any CPU.ActiveCfg = Debug|Any CPU
		{5E2E9816-72B7-4F0E-9CA2-F704D8DF323E}.Debug|Any CPU.Build.0 = Debug|Any CPU
		{5E2E9816-72B7-4F0E-9CA2-F704D8DF323E}.Release|Any CPU.ActiveCfg = Release|Any CPU
		{5E2E9816-72B7-4F0E-9CA2-F704D8DF323E}.Release|Any CPU.Build.0 = Release|Any CPU
		{48F2AA7C-A083-45CB-88A9-82E49E0D2C2C}.Debug|Any CPU.ActiveCfg = Debug|Any CPU
		{48F2AA7C-A083-45CB-88A9-82E49E0D2C2C}.Debug|Any CPU.Build.0 = Debug|Any CPU
		{48F2AA7C-A083-45CB-88A9-82E49E0D2C2C}.Release|Any CPU.ActiveCfg = Release|Any CPU
		{48F2AA7C-A083-45CB-88A9-82E49E0D2C2C}.Release|Any CPU.Build.0 = Release|Any CPU
		{1D8DD13D-B1D2-41E3-98D0-1D0782A96785}.Debug|Any CPU.ActiveCfg = Debug|Any CPU
		{1D8DD13D-B1D2-41E3-98D0-1D0782A96785}.Debug|Any CPU.Build.0 = Debug|Any CPU
		{1D8DD13D-B1D2-41E3-98D0-1D0782A96785}.Release|Any CPU.ActiveCfg = Release|Any CPU
		{1D8DD13D-B1D2-41E3-98D0-1D0782A96785}.Release|Any CPU.Build.0 = Release|Any CPU
		{F05429A9-B004-440C-B0B0-8D4B0C0E8727}.Debug|Any CPU.ActiveCfg = Debug|Any CPU
		{F05429A9-B004-440C-B0B0-8D4B0C0E8727}.Debug|Any CPU.Build.0 = Debug|Any CPU
		{F05429A9-B004-440C-B0B0-8D4B0C0E8727}.Release|Any CPU.ActiveCfg = Release|Any CPU
		{F05429A9-B004-440C-B0B0-8D4B0C0E8727}.Release|Any CPU.Build.0 = Release|Any CPU
	EndGlobalSection
	GlobalSection(SolutionProperties) = preSolution
		HideSolutionNode = FALSE
	EndGlobalSection
	GlobalSection(ExtensibilityGlobals) = postSolution
		SolutionGuid = {E176CB26-7F6F-4757-BF25-186B40B0E2CD}
	EndGlobalSection
EndGlobal
